
Microsoft Visual Studio Solution File, Format Version 12.00
# Visual Studio Version 17
VisualStudioVersion = 17.1.32421.90
MinimumVisualStudioVersion = 10.0.40219.1
Project("{9A19103F-16F7-4668-BE54-9A1E7A4F7556}") = "Banco.Edge.Api", "Banco.Edge.Api\Banco.Edge.Api.csproj", "{4CFE6C55-288B-4E49-B600-E29BB30A6AC5}"
EndProject
Project("{9A19103F-16F7-4668-BE54-9A1E7A4F7556}") = "Banco.Edge.Dal", "Banco.Edge.Dal\Banco.Edge.Dal.csproj", "{1106A3C1-06AF-4FDC-9A9A-7A80C084067F}"
EndProject
Project("{9A19103F-16F7-4668-BE54-9A1E7A4F7556}") = "Banco.Edge.Bll", "Banco.Edge.Bll\Banco.Edge.Bll.csproj", "{554031E8-5EB7-44FC-A8B2-C1944F40F5D1}"
EndProject
Project("{9A19103F-16F7-4668-BE54-9A1E7A4F7556}") = "Banco.Edge.Dml", "Banco.Edge.Dml\Banco.Edge.Dml.csproj", "{5BA19418-1FF9-4DAC-9D67-1267F19B12A5}"
EndProject
Project("{FAE04EC0-301F-11D3-BF4B-00C04F79EFBC}") = "Banco.Edge.Console", "Banco.Edge.Console\Banco.Edge.Console.csproj", "{C64B0638-9C7D-4310-BEF7-71F892DF92CB}"
EndProject
Global
	GlobalSection(SolutionConfigurationPlatforms) = preSolution
		Debug|Any CPU = Debug|Any CPU
		Release|Any CPU = Release|Any CPU
	EndGlobalSection
	GlobalSection(ProjectConfigurationPlatforms) = postSolution
		{4CFE6C55-288B-4E49-B600-E29BB30A6AC5}.Debug|Any CPU.ActiveCfg = Debug|Any CPU
		{4CFE6C55-288B-4E49-B600-E29BB30A6AC5}.Debug|Any CPU.Build.0 = Debug|Any CPU
		{4CFE6C55-288B-4E49-B600-E29BB30A6AC5}.Release|Any CPU.ActiveCfg = Release|Any CPU
		{4CFE6C55-288B-4E49-B600-E29BB30A6AC5}.Release|Any CPU.Build.0 = Release|Any CPU
		{1106A3C1-06AF-4FDC-9A9A-7A80C084067F}.Debug|Any CPU.ActiveCfg = Debug|Any CPU
		{1106A3C1-06AF-4FDC-9A9A-7A80C084067F}.Debug|Any CPU.Build.0 = Debug|Any CPU
		{1106A3C1-06AF-4FDC-9A9A-7A80C084067F}.Release|Any CPU.ActiveCfg = Release|Any CPU
		{1106A3C1-06AF-4FDC-9A9A-7A80C084067F}.Release|Any CPU.Build.0 = Release|Any CPU
		{554031E8-5EB7-44FC-A8B2-C1944F40F5D1}.Debug|Any CPU.ActiveCfg = Debug|Any CPU
		{554031E8-5EB7-44FC-A8B2-C1944F40F5D1}.Debug|Any CPU.Build.0 = Debug|Any CPU
		{554031E8-5EB7-44FC-A8B2-C1944F40F5D1}.Release|Any CPU.ActiveCfg = Release|Any CPU
		{554031E8-5EB7-44FC-A8B2-C1944F40F5D1}.Release|Any CPU.Build.0 = Release|Any CPU
		{5BA19418-1FF9-4DAC-9D67-1267F19B12A5}.Debug|Any CPU.ActiveCfg = Debug|Any CPU
		{5BA19418-1FF9-4DAC-9D67-1267F19B12A5}.Debug|Any CPU.Build.0 = Debug|Any CPU
		{5BA19418-1FF9-4DAC-9D67-1267F19B12A5}.Release|Any CPU.ActiveCfg = Release|Any CPU
		{5BA19418-1FF9-4DAC-9D67-1267F19B12A5}.Release|Any CPU.Build.0 = Release|Any CPU
		{C64B0638-9C7D-4310-BEF7-71F892DF92CB}.Debug|Any CPU.ActiveCfg = Debug|Any CPU
		{C64B0638-9C7D-4310-BEF7-71F892DF92CB}.Debug|Any CPU.Build.0 = Debug|Any CPU
		{C64B0638-9C7D-4310-BEF7-71F892DF92CB}.Release|Any CPU.ActiveCfg = Release|Any CPU
		{C64B0638-9C7D-4310-BEF7-71F892DF92CB}.Release|Any CPU.Build.0 = Release|Any CPU
	EndGlobalSection
	GlobalSection(SolutionProperties) = preSolution
		HideSolutionNode = FALSE
	EndGlobalSection
	GlobalSection(ExtensibilityGlobals) = postSolution
		SolutionGuid = {F52DBC5D-5674-4CC2-9725-73A7C199E3DE}
	EndGlobalSection
EndGlobal
